
Microsoft Visual Studio Solution File, Format Version 12.00
# Visual Studio Version 16
VisualStudioVersion = 16.0.31321.278
MinimumVisualStudioVersion = 10.0.40219.1
Project("{FAE04EC0-301F-11D3-BF4B-00C04F79EFBC}") = "Conditional_Thompson_Lillian", "Conditional_Thompson_Lillian\Conditional_Thompson_Lillian.csproj", "{1F1C1583-2F36-4C44-A933-2DC3231C2D62}"
EndProject
Global
	GlobalSection(SolutionConfigurationPlatforms) = preSolution
		Debug|Any CPU = Debug|Any CPU
		Release|Any CPU = Release|Any CPU
	EndGlobalSection
	GlobalSection(ProjectConfigurationPlatforms) = postSolution
		{1F1C1583-2F36-4C44-A933-2DC3231C2D62}.Debug|Any CPU.ActiveCfg = Debug|Any CPU
		{1F1C1583-2F36-4C44-A933-2DC3231C2D62}.Debug|Any CPU.Build.0 = Debug|Any CPU
		{1F1C1583-2F36-4C44-A933-2DC3231C2D62}.Release|Any CPU.ActiveCfg = Release|Any CPU
		{1F1C1583-2F36-4C44-A933-2DC3231C2D62}.Release|Any CPU.Build.0 = Release|Any CPU
	EndGlobalSection
	GlobalSection(SolutionProperties) = preSolution
		HideSolutionNode = FALSE
	EndGlobalSection
	GlobalSection(ExtensibilityGlobals) = postSolution
		SolutionGuid = {49224AC7-4952-42C5-926D-D79D9126592C}
	EndGlobalSection
EndGlobal
